// !$*UTF8*$!
{
	archiveVersion = 1;
	classes = {
	};
	objectVersion = 55;
	objects = {

/* Begin PBXBuildFile section */
		00B91FD427F7E2F500FAC547 /* CardView.swift in Sources */ = {isa = PBXBuildFile; fileRef = 00B91FD327F7E2F400FAC547 /* CardView.swift */; };
		00EE78F027EE106C0092A842 /* EldenChingMobileAppApp.swift in Sources */ = {isa = PBXBuildFile; fileRef = 00EE78EF27EE106C0092A842 /* EldenChingMobileAppApp.swift */; };
		00EE78F227EE106C0092A842 /* SearchScene.swift in Sources */ = {isa = PBXBuildFile; fileRef = 00EE78F127EE106C0092A842 /* SearchScene.swift */; };
		00EE78F427EE106E0092A842 /* Assets.xcassets in Resources */ = {isa = PBXBuildFile; fileRef = 00EE78F327EE106E0092A842 /* Assets.xcassets */; };
		00EE78F727EE106E0092A842 /* Preview Assets.xcassets in Resources */ = {isa = PBXBuildFile; fileRef = 00EE78F627EE106E0092A842 /* Preview Assets.xcassets */; };
		00EE790127EE106E0092A842 /* EldenChingMobileAppTests.swift in Sources */ = {isa = PBXBuildFile; fileRef = 00EE790027EE106E0092A842 /* EldenChingMobileAppTests.swift */; };
		00EE790B27EE106E0092A842 /* EldenChingMobileAppUITests.swift in Sources */ = {isa = PBXBuildFile; fileRef = 00EE790A27EE106E0092A842 /* EldenChingMobileAppUITests.swift */; };
		00EE790D27EE106E0092A842 /* EldenChingMobileAppUITestsLaunchTests.swift in Sources */ = {isa = PBXBuildFile; fileRef = 00EE790C27EE106E0092A842 /* EldenChingMobileAppUITestsLaunchTests.swift */; };
/* End PBXBuildFile section */

/* Begin PBXContainerItemProxy section */
		00EE78FD27EE106E0092A842 /* PBXContainerItemProxy */ = {
			isa = PBXContainerItemProxy;
			containerPortal = 00EE78E427EE106C0092A842 /* Project object */;
			proxyType = 1;
			remoteGlobalIDString = 00EE78EB27EE106C0092A842;
			remoteInfo = EldenChingMobileApp;
		};
		00EE790727EE106E0092A842 /* PBXContainerItemProxy */ = {
			isa = PBXContainerItemProxy;
			containerPortal = 00EE78E427EE106C0092A842 /* Project object */;
			proxyType = 1;
			remoteGlobalIDString = 00EE78EB27EE106C0092A842;
			remoteInfo = EldenChingMobileApp;
		};
/* End PBXContainerItemProxy section */

/* Begin PBXFileReference section */
		00A6A07B27F856F200F3748A /* Info.plist */ = {isa = PBXFileReference; lastKnownFileType = text.plist; path = Info.plist; sourceTree = "<group>"; };
		00B91FD327F7E2F400FAC547 /* CardView.swift */ = {isa = PBXFileReference; lastKnownFileType = sourcecode.swift; path = CardView.swift; sourceTree = "<group>"; };
		00EE78EC27EE106C0092A842 /* EldenChingMobileApp.app */ = {isa = PBXFileReference; explicitFileType = wrapper.application; includeInIndex = 0; path = EldenChingMobileApp.app; sourceTree = BUILT_PRODUCTS_DIR; };
		00EE78EF27EE106C0092A842 /* EldenChingMobileAppApp.swift */ = {isa = PBXFileReference; lastKnownFileType = sourcecode.swift; path = EldenChingMobileAppApp.swift; sourceTree = "<group>"; };
		00EE78F127EE106C0092A842 /* SearchScene.swift */ = {isa = PBXFileReference; lastKnownFileType = sourcecode.swift; path = SearchScene.swift; sourceTree = "<group>"; };
		00EE78F327EE106E0092A842 /* Assets.xcassets */ = {isa = PBXFileReference; lastKnownFileType = folder.assetcatalog; path = Assets.xcassets; sourceTree = "<group>"; };
		00EE78F627EE106E0092A842 /* Preview Assets.xcassets */ = {isa = PBXFileReference; lastKnownFileType = folder.assetcatalog; path = "Preview Assets.xcassets"; sourceTree = "<group>"; };
		00EE78FC27EE106E0092A842 /* EldenChingMobileAppTests.xctest */ = {isa = PBXFileReference; explicitFileType = wrapper.cfbundle; includeInIndex = 0; path = EldenChingMobileAppTests.xctest; sourceTree = BUILT_PRODUCTS_DIR; };
		00EE790027EE106E0092A842 /* EldenChingMobileAppTests.swift */ = {isa = PBXFileReference; lastKnownFileType = sourcecode.swift; path = EldenChingMobileAppTests.swift; sourceTree = "<group>"; };
		00EE790627EE106E0092A842 /* EldenChingMobileAppUITests.xctest */ = {isa = PBXFileReference; explicitFileType = wrapper.cfbundle; includeInIndex = 0; path = EldenChingMobileAppUITests.xctest; sourceTree = BUILT_PRODUCTS_DIR; };
		00EE790A27EE106E0092A842 /* EldenChingMobileAppUITests.swift */ = {isa = PBXFileReference; lastKnownFileType = sourcecode.swift; path = EldenChingMobileAppUITests.swift; sourceTree = "<group>"; };
		00EE790C27EE106E0092A842 /* EldenChingMobileAppUITestsLaunchTests.swift */ = {isa = PBXFileReference; lastKnownFileType = sourcecode.swift; path = EldenChingMobileAppUITestsLaunchTests.swift; sourceTree = "<group>"; };
/* End PBXFileReference section */

/* Begin PBXFrameworksBuildPhase section */
		00EE78E927EE106C0092A842 /* Frameworks */ = {
			isa = PBXFrameworksBuildPhase;
			buildActionMask = 2147483647;
			files = (
			);
			runOnlyForDeploymentPostprocessing = 0;
		};
		00EE78F927EE106E0092A842 /* Frameworks */ = {
			isa = PBXFrameworksBuildPhase;
			buildActionMask = 2147483647;
			files = (
			);
			runOnlyForDeploymentPostprocessing = 0;
		};
		00EE790327EE106E0092A842 /* Frameworks */ = {
			isa = PBXFrameworksBuildPhase;
			buildActionMask = 2147483647;
			files = (
			);
			runOnlyForDeploymentPostprocessing = 0;
		};
/* End PBXFrameworksBuildPhase section */

/* Begin PBXGroup section */
		00EE78E327EE106C0092A842 = {
			isa = PBXGroup;
			children = (
				00EE78EE27EE106C0092A842 /* EldenChingMobileApp */,
				00EE78FF27EE106E0092A842 /* EldenChingMobileAppTests */,
				00EE790927EE106E0092A842 /* EldenChingMobileAppUITests */,
				00EE78ED27EE106C0092A842 /* Products */,
			);
			sourceTree = "<group>";
		};
		00EE78ED27EE106C0092A842 /* Products */ = {
			isa = PBXGroup;
			children = (
				00EE78EC27EE106C0092A842 /* EldenChingMobileApp.app */,
				00EE78FC27EE106E0092A842 /* EldenChingMobileAppTests.xctest */,
				00EE790627EE106E0092A842 /* EldenChingMobileAppUITests.xctest */,
			);
			name = Products;
			sourceTree = "<group>";
		};
		00EE78EE27EE106C0092A842 /* EldenChingMobileApp */ = {
			isa = PBXGroup;
			children = (
				00A6A07B27F856F200F3748A /* Info.plist */,
				00EE78EF27EE106C0092A842 /* EldenChingMobileAppApp.swift */,
				00EE78F127EE106C0092A842 /* SearchScene.swift */,
				00B91FD327F7E2F400FAC547 /* CardView.swift */,
				00EE78F327EE106E0092A842 /* Assets.xcassets */,
				00EE78F527EE106E0092A842 /* Preview Content */,
			);
			path = EldenChingMobileApp;
			sourceTree = "<group>";
		};
		00EE78F527EE106E0092A842 /* Preview Content */ = {
			isa = PBXGroup;
			children = (
				00EE78F627EE106E0092A842 /* Preview Assets.xcassets */,
			);
			path = "Preview Content";
			sourceTree = "<group>";
		};
		00EE78FF27EE106E0092A842 /* EldenChingMobileAppTests */ = {
			isa = PBXGroup;
			children = (
				00EE790027EE106E0092A842 /* EldenChingMobileAppTests.swift */,
			);
			path = EldenChingMobileAppTests;
			sourceTree = "<group>";
		};
		00EE790927EE106E0092A842 /* EldenChingMobileAppUITests */ = {
			isa = PBXGroup;
			children = (
				00EE790A27EE106E0092A842 /* EldenChingMobileAppUITests.swift */,
				00EE790C27EE106E0092A842 /* EldenChingMobileAppUITestsLaunchTests.swift */,
			);
			path = EldenChingMobileAppUITests;
			sourceTree = "<group>";
		};
/* End PBXGroup section */

/* Begin PBXNativeTarget section */
		00EE78EB27EE106C0092A842 /* EldenChingMobileApp */ = {
			isa = PBXNativeTarget;
			buildConfigurationList = 00EE791027EE106E0092A842 /* Build configuration list for PBXNativeTarget "EldenChingMobileApp" */;
			buildPhases = (
				00EE78E827EE106C0092A842 /* Sources */,
				00EE78E927EE106C0092A842 /* Frameworks */,
				00EE78EA27EE106C0092A842 /* Resources */,
			);
			buildRules = (
			);
			dependencies = (
			);
			name = EldenChingMobileApp;
			productName = EldenChingMobileApp;
			productReference = 00EE78EC27EE106C0092A842 /* EldenChingMobileApp.app */;
			productType = "com.apple.product-type.application";
		};
		00EE78FB27EE106E0092A842 /* EldenChingMobileAppTests */ = {
			isa = PBXNativeTarget;
			buildConfigurationList = 00EE791327EE106E0092A842 /* Build configuration list for PBXNativeTarget "EldenChingMobileAppTests" */;
			buildPhases = (
				00EE78F827EE106E0092A842 /* Sources */,
				00EE78F927EE106E0092A842 /* Frameworks */,
				00EE78FA27EE106E0092A842 /* Resources */,
			);
			buildRules = (
			);
			dependencies = (
				00EE78FE27EE106E0092A842 /* PBXTargetDependency */,
			);
			name = EldenChingMobileAppTests;
			productName = EldenChingMobileAppTests;
			productReference = 00EE78FC27EE106E0092A842 /* EldenChingMobileAppTests.xctest */;
			productType = "com.apple.product-type.bundle.unit-test";
		};
		00EE790527EE106E0092A842 /* EldenChingMobileAppUITests */ = {
			isa = PBXNativeTarget;
			buildConfigurationList = 00EE791627EE106E0092A842 /* Build configuration list for PBXNativeTarget "EldenChingMobileAppUITests" */;
			buildPhases = (
				00EE790227EE106E0092A842 /* Sources */,
				00EE790327EE106E0092A842 /* Frameworks */,
				00EE790427EE106E0092A842 /* Resources */,
			);
			buildRules = (
			);
			dependencies = (
				00EE790827EE106E0092A842 /* PBXTargetDependency */,
			);
			name = EldenChingMobileAppUITests;
			productName = EldenChingMobileAppUITests;
			productReference = 00EE790627EE106E0092A842 /* EldenChingMobileAppUITests.xctest */;
			productType = "com.apple.product-type.bundle.ui-testing";
		};
/* End PBXNativeTarget section */

/* Begin PBXProject section */
		00EE78E427EE106C0092A842 /* Project object */ = {
			isa = PBXProject;
			attributes = {
				BuildIndependentTargetsInParallel = 1;
				LastSwiftUpdateCheck = 1320;
				LastUpgradeCheck = 1320;
				TargetAttributes = {
					00EE78EB27EE106C0092A842 = {
						CreatedOnToolsVersion = 13.2.1;
					};
					00EE78FB27EE106E0092A842 = {
						CreatedOnToolsVersion = 13.2.1;
						TestTargetID = 00EE78EB27EE106C0092A842;
					};
					00EE790527EE106E0092A842 = {
						CreatedOnToolsVersion = 13.2.1;
						TestTargetID = 00EE78EB27EE106C0092A842;
					};
				};
			};
			buildConfigurationList = 00EE78E727EE106C0092A842 /* Build configuration list for PBXProject "EldenChingMobileApp" */;
			compatibilityVersion = "Xcode 13.0";
			developmentRegion = en;
			hasScannedForEncodings = 0;
			knownRegions = (
				en,
				Base,
			);
			mainGroup = 00EE78E327EE106C0092A842;
			productRefGroup = 00EE78ED27EE106C0092A842 /* Products */;
			projectDirPath = "";
			projectRoot = "";
			targets = (
				00EE78EB27EE106C0092A842 /* EldenChingMobileApp */,
				00EE78FB27EE106E0092A842 /* EldenChingMobileAppTests */,
				00EE790527EE106E0092A842 /* EldenChingMobileAppUITests */,
			);
		};
/* End PBXProject section */

/* Begin PBXResourcesBuildPhase section */
		00EE78EA27EE106C0092A842 /* Resources */ = {
			isa = PBXResourcesBuildPhase;
			buildActionMask = 2147483647;
			files = (
				00EE78F727EE106E0092A842 /* Preview Assets.xcassets in Resources */,
				00EE78F427EE106E0092A842 /* Assets.xcassets in Resources */,
			);
			runOnlyForDeploymentPostprocessing = 0;
		};
		00EE78FA27EE106E0092A842 /* Resources */ = {
			isa = PBXResourcesBuildPhase;
			buildActionMask = 2147483647;
			files = (
			);
			runOnlyForDeploymentPostprocessing = 0;
		};
		00EE790427EE106E0092A842 /* Resources */ = {
			isa = PBXResourcesBuildPhase;
			buildActionMask = 2147483647;
			files = (
			);
			runOnlyForDeploymentPostprocessing = 0;
		};
/* End PBXResourcesBuildPhase section */

/* Begin PBXSourcesBuildPhase section */
		00EE78E827EE106C0092A842 /* Sources */ = {
			isa = PBXSourcesBuildPhase;
			buildActionMask = 2147483647;
			files = (
				00EE78F227EE106C0092A842 /* SearchScene.swift in Sources */,
				00B91FD427F7E2F500FAC547 /* CardView.swift in Sources */,
				00EE78F027EE106C0092A842 /* EldenChingMobileAppApp.swift in Sources */,
			);
			runOnlyForDeploymentPostprocessing = 0;
		};
		00EE78F827EE106E0092A842 /* Sources */ = {
			isa = PBXSourcesBuildPhase;
			buildActionMask = 2147483647;
			files = (
				00EE790127EE106E0092A842 /* EldenChingMobileAppTests.swift in Sources */,
			);
			runOnlyForDeploymentPostprocessing = 0;
		};
		00EE790227EE106E0092A842 /* Sources */ = {
			isa = PBXSourcesBuildPhase;
			buildActionMask = 2147483647;
			files = (
				00EE790B27EE106E0092A842 /* EldenChingMobileAppUITests.swift in Sources */,
				00EE790D27EE106E0092A842 /* EldenChingMobileAppUITestsLaunchTests.swift in Sources */,
			);
			runOnlyForDeploymentPostprocessing = 0;
		};
/* End PBXSourcesBuildPhase section */

/* Begin PBXTargetDependency section */
		00EE78FE27EE106E0092A842 /* PBXTargetDependency */ = {
			isa = PBXTargetDependency;
			target = 00EE78EB27EE106C0092A842 /* EldenChingMobileApp */;
			targetProxy = 00EE78FD27EE106E0092A842 /* PBXContainerItemProxy */;
		};
		00EE790827EE106E0092A842 /* PBXTargetDependency */ = {
			isa = PBXTargetDependency;
			target = 00EE78EB27EE106C0092A842 /* EldenChingMobileApp */;
			targetProxy = 00EE790727EE106E0092A842 /* PBXContainerItemProxy */;
		};
/* End PBXTargetDependency section */

/* Begin XCBuildConfiguration section */
		00EE790E27EE106E0092A842 /* Debug */ = {
			isa = XCBuildConfiguration;
			buildSettings = {
				ALWAYS_SEARCH_USER_PATHS = NO;
				CLANG_ANALYZER_NONNULL = YES;
				CLANG_ANALYZER_NUMBER_OBJECT_CONVERSION = YES_AGGRESSIVE;
				CLANG_CXX_LANGUAGE_STANDARD = "gnu++17";
				CLANG_CXX_LIBRARY = "libc++";
				CLANG_ENABLE_MODULES = YES;
				CLANG_ENABLE_OBJC_ARC = YES;
				CLANG_ENABLE_OBJC_WEAK = YES;
				CLANG_WARN_BLOCK_CAPTURE_AUTORELEASING = YES;
				CLANG_WARN_BOOL_CONVERSION = YES;
				CLANG_WARN_COMMA = YES;
				CLANG_WARN_CONSTANT_CONVERSION = YES;
				CLANG_WARN_DEPRECATED_OBJC_IMPLEMENTATIONS = YES;
				CLANG_WARN_DIRECT_OBJC_ISA_USAGE = YES_ERROR;
				CLANG_WARN_DOCUMENTATION_COMMENTS = YES;
				CLANG_WARN_EMPTY_BODY = YES;
				CLANG_WARN_ENUM_CONVERSION = YES;
				CLANG_WARN_INFINITE_RECURSION = YES;
				CLANG_WARN_INT_CONVERSION = YES;
				CLANG_WARN_NON_LITERAL_NULL_CONVERSION = YES;
				CLANG_WARN_OBJC_IMPLICIT_RETAIN_SELF = YES;
				CLANG_WARN_OBJC_LITERAL_CONVERSION = YES;
				CLANG_WARN_OBJC_ROOT_CLASS = YES_ERROR;
				CLANG_WARN_QUOTED_INCLUDE_IN_FRAMEWORK_HEADER = YES;
				CLANG_WARN_RANGE_LOOP_ANALYSIS = YES;
				CLANG_WARN_STRICT_PROTOTYPES = YES;
				CLANG_WARN_SUSPICIOUS_MOVE = YES;
				CLANG_WARN_UNGUARDED_AVAILABILITY = YES_AGGRESSIVE;
				CLANG_WARN_UNREACHABLE_CODE = YES;
				CLANG_WARN__DUPLICATE_METHOD_MATCH = YES;
				COPY_PHASE_STRIP = NO;
				DEBUG_INFORMATION_FORMAT = dwarf;
				ENABLE_STRICT_OBJC_MSGSEND = YES;
				ENABLE_TESTABILITY = YES;
				GCC_C_LANGUAGE_STANDARD = gnu11;
				GCC_DYNAMIC_NO_PIC = NO;
				GCC_NO_COMMON_BLOCKS = YES;
				GCC_OPTIMIZATION_LEVEL = 0;
				GCC_PREPROCESSOR_DEFINITIONS = (
					"DEBUG=1",
					"$(inherited)",
				);
				GCC_WARN_64_TO_32_BIT_CONVERSION = YES;
				GCC_WARN_ABOUT_RETURN_TYPE = YES_ERROR;
				GCC_WARN_UNDECLARED_SELECTOR = YES;
				GCC_WARN_UNINITIALIZED_AUTOS = YES_AGGRESSIVE;
				GCC_WARN_UNUSED_FUNCTION = YES;
				GCC_WARN_UNUSED_VARIABLE = YES;
				IPHONEOS_DEPLOYMENT_TARGET = 15.2;
				MTL_ENABLE_DEBUG_INFO = INCLUDE_SOURCE;
				MTL_FAST_MATH = YES;
				ONLY_ACTIVE_ARCH = YES;
				SDKROOT = iphoneos;
				SWIFT_ACTIVE_COMPILATION_CONDITIONS = DEBUG;
				SWIFT_OPTIMIZATION_LEVEL = "-Onone";
			};
			name = Debug;
		};
		00EE790F27EE106E0092A842 /* Release */ = {
			isa = XCBuildConfiguration;
			buildSettings = {
				ALWAYS_SEARCH_USER_PATHS = NO;
				CLANG_ANALYZER_NONNULL = YES;
				CLANG_ANALYZER_NUMBER_OBJECT_CONVERSION = YES_AGGRESSIVE;
				CLANG_CXX_LANGUAGE_STANDARD = "gnu++17";
				CLANG_CXX_LIBRARY = "libc++";
				CLANG_ENABLE_MODULES = YES;
				CLANG_ENABLE_OBJC_ARC = YES;
				CLANG_ENABLE_OBJC_WEAK = YES;
				CLANG_WARN_BLOCK_CAPTURE_AUTORELEASING = YES;
				CLANG_WARN_BOOL_CONVERSION = YES;
				CLANG_WARN_COMMA = YES;
				CLANG_WARN_CONSTANT_CONVERSION = YES;
				CLANG_WARN_DEPRECATED_OBJC_IMPLEMENTATIONS = YES;
				CLANG_WARN_DIRECT_OBJC_ISA_USAGE = YES_ERROR;
				CLANG_WARN_DOCUMENTATION_COMMENTS = YES;
				CLANG_WARN_EMPTY_BODY = YES;
				CLANG_WARN_ENUM_CONVERSION = YES;
				CLANG_WARN_INFINITE_RECURSION = YES;
				CLANG_WARN_INT_CONVERSION = YES;
				CLANG_WARN_NON_LITERAL_NULL_CONVERSION = YES;
				CLANG_WARN_OBJC_IMPLICIT_RETAIN_SELF = YES;
				CLANG_WARN_OBJC_LITERAL_CONVERSION = YES;
				CLANG_WARN_OBJC_ROOT_CLASS = YES_ERROR;
				CLANG_WARN_QUOTED_INCLUDE_IN_FRAMEWORK_HEADER = YES;
				CLANG_WARN_RANGE_LOOP_ANALYSIS = YES;
				CLANG_WARN_STRICT_PROTOTYPES = YES;
				CLANG_WARN_SUSPICIOUS_MOVE = YES;
				CLANG_WARN_UNGUARDED_AVAILABILITY = YES_AGGRESSIVE;
				CLANG_WARN_UNREACHABLE_CODE = YES;
				CLANG_WARN__DUPLICATE_METHOD_MATCH = YES;
				COPY_PHASE_STRIP = NO;
				DEBUG_INFORMATION_FORMAT = "dwarf-with-dsym";
				ENABLE_NS_ASSERTIONS = NO;
				ENABLE_STRICT_OBJC_MSGSEND = YES;
				GCC_C_LANGUAGE_STANDARD = gnu11;
				GCC_NO_COMMON_BLOCKS = YES;
				GCC_WARN_64_TO_32_BIT_CONVERSION = YES;
				GCC_WARN_ABOUT_RETURN_TYPE = YES_ERROR;
				GCC_WARN_UNDECLARED_SELECTOR = YES;
				GCC_WARN_UNINITIALIZED_AUTOS = YES_AGGRESSIVE;
				GCC_WARN_UNUSED_FUNCTION = YES;
				GCC_WARN_UNUSED_VARIABLE = YES;
				IPHONEOS_DEPLOYMENT_TARGET = 15.2;
				MTL_ENABLE_DEBUG_INFO = NO;
				MTL_FAST_MATH = YES;
				SDKROOT = iphoneos;
				SWIFT_COMPILATION_MODE = wholemodule;
				SWIFT_OPTIMIZATION_LEVEL = "-O";
				VALIDATE_PRODUCT = YES;
			};
			name = Release;
		};
		00EE791127EE106E0092A842 /* Debug */ = {
			isa = XCBuildConfiguration;
			buildSettings = {
				ASSETCATALOG_COMPILER_APPICON_NAME = AppIcon;
				ASSETCATALOG_COMPILER_GLOBAL_ACCENT_COLOR_NAME = AccentColor;
				CODE_SIGN_STYLE = Automatic;
				CURRENT_PROJECT_VERSION = 1;
				DEVELOPMENT_ASSET_PATHS = "\"EldenChingMobileApp/Preview Content\"";
				DEVELOPMENT_TEAM = TGBMMRU7P7;
				ENABLE_PREVIEWS = YES;
				GENERATE_INFOPLIST_FILE = YES;
				INFOPLIST_FILE = EldenChingMobileApp/Info.plist;
				INFOPLIST_KEY_UIApplicationSceneManifest_Generation = YES;
				INFOPLIST_KEY_UIApplicationSupportsIndirectInputEvents = YES;
				INFOPLIST_KEY_UILaunchScreen_Generation = YES;
				INFOPLIST_KEY_UISupportedInterfaceOrientations = UIInterfaceOrientationPortrait;
				INFOPLIST_KEY_UISupportedInterfaceOrientations_iPad = "UIInterfaceOrientationPortrait UIInterfaceOrientationPortraitUpsideDown UIInterfaceOrientationLandscapeLeft UIInterfaceOrientationLandscapeRight";
				INFOPLIST_KEY_UISupportedInterfaceOrientations_iPhone = "UIInterfaceOrientationPortrait UIInterfaceOrientationLandscapeLeft UIInterfaceOrientationLandscapeRight";
				LD_RUNPATH_SEARCH_PATHS = (
					"$(inherited)",
					"@executable_path/Frameworks",
				);
				MARKETING_VERSION = 1.0;
				PRODUCT_BUNDLE_IDENTIFIER = hihiandbyebye.EldenChingMobileApp;
				PRODUCT_NAME = "$(TARGET_NAME)";
				SWIFT_EMIT_LOC_STRINGS = YES;
				SWIFT_VERSION = 5.0;
				TARGETED_DEVICE_FAMILY = 1;
			};
			name = Debug;
		};
		00EE791227EE106E0092A842 /* Release */ = {
			isa = XCBuildConfiguration;
			buildSettings = {
				ASSETCATALOG_COMPILER_APPICON_NAME = AppIcon;
				ASSETCATALOG_COMPILER_GLOBAL_ACCENT_COLOR_NAME = AccentColor;
				CODE_SIGN_STYLE = Automatic;
				CURRENT_PROJECT_VERSION = 1;
				DEVELOPMENT_ASSET_PATHS = "\"EldenChingMobileApp/Preview Content\"";
				DEVELOPMENT_TEAM = TGBMMRU7P7;
				ENABLE_PREVIEWS = YES;
				GENERATE_INFOPLIST_FILE = YES;
				INFOPLIST_FILE = EldenChingMobileApp/Info.plist;
				INFOPLIST_KEY_UIApplicationSceneManifest_Generation = YES;
				INFOPLIST_KEY_UIApplicationSupportsIndirectInputEvents = YES;
				INFOPLIST_KEY_UILaunchScreen_Generation = YES;
				INFOPLIST_KEY_UISupportedInterfaceOrientations = UIInterfaceOrientationPortrait;
				INFOPLIST_KEY_UISupportedInterfaceOrientations_iPad = "UIInterfaceOrientationPortrait UIInterfaceOrientationPortraitUpsideDown UIInterfaceOrientationLandscapeLeft UIInterfaceOrientationLandscapeRight";
				INFOPLIST_KEY_UISupportedInterfaceOrientations_iPhone = "UIInterfaceOrientationPortrait UIInterfaceOrientationLandscapeLeft UIInterfaceOrientationLandscapeRight";
				LD_RUNPATH_SEARCH_PATHS = (
					"$(inherited)",
					"@executable_path/Frameworks",
				);
				MARKETING_VERSION = 1.0;
				PRODUCT_BUNDLE_IDENTIFIER = hihiandbyebye.EldenChingMobileApp;
				PRODUCT_NAME = "$(TARGET_NAME)";
				SWIFT_EMIT_LOC_STRINGS = YES;
				SWIFT_VERSION = 5.0;
				TARGETED_DEVICE_FAMILY = 1;
			};
			name = Release;
		};
		00EE791427EE106E0092A842 /* Debug */ = {
			isa = XCBuildConfiguration;
			buildSettings = {
				ALWAYS_EMBED_SWIFT_STANDARD_LIBRARIES = YES;
				BUNDLE_LOADER = "$(TEST_HOST)";
				CODE_SIGN_STYLE = Automatic;
				CURRENT_PROJECT_VERSION = 1;
				DEVELOPMENT_TEAM = TGBMMRU7P7;
				GENERATE_INFOPLIST_FILE = YES;
				IPHONEOS_DEPLOYMENT_TARGET = 15.2;
				MARKETING_VERSION = 1.0;
				PRODUCT_BUNDLE_IDENTIFIER = hihiandbyebye.EldenChingMobileAppTests;
				PRODUCT_NAME = "$(TARGET_NAME)";
				SWIFT_EMIT_LOC_STRINGS = NO;
				SWIFT_VERSION = 5.0;
				TARGETED_DEVICE_FAMILY = "1,2";
				TEST_HOST = "$(BUILT_PRODUCTS_DIR)/EldenChingMobileApp.app/EldenChingMobileApp";
			};
			name = Debug;
		};
		00EE791527EE106E0092A842 /* Release */ = {
			isa = XCBuildConfiguration;
			buildSettings = {
				ALWAYS_EMBED_SWIFT_STANDARD_LIBRARIES = YES;
				BUNDLE_LOADER = "$(TEST_HOST)";
				CODE_SIGN_STYLE = Automatic;
				CURRENT_PROJECT_VERSION = 1;
				DEVELOPMENT_TEAM = TGBMMRU7P7;
				GENERATE_INFOPLIST_FILE = YES;
				IPHONEOS_DEPLOYMENT_TARGET = 15.2;
				MARKETING_VERSION = 1.0;
				PRODUCT_BUNDLE_IDENTIFIER = hihiandbyebye.EldenChingMobileAppTests;
				PRODUCT_NAME = "$(TARGET_NAME)";
				SWIFT_EMIT_LOC_STRINGS = NO;
				SWIFT_VERSION = 5.0;
				TARGETED_DEVICE_FAMILY = "1,2";
				TEST_HOST = "$(BUILT_PRODUCTS_DIR)/EldenChingMobileApp.app/EldenChingMobileApp";
			};
			name = Release;
		};
		00EE791727EE106E0092A842 /* Debug */ = {
			isa = XCBuildConfiguration;
			buildSettings = {
				ALWAYS_EMBED_SWIFT_STANDARD_LIBRARIES = YES;
				CODE_SIGN_STYLE = Automatic;
				CURRENT_PROJECT_VERSION = 1;
				DEVELOPMENT_TEAM = TGBMMRU7P7;
				GENERATE_INFOPLIST_FILE = YES;
				MARKETING_VERSION = 1.0;
				PRODUCT_BUNDLE_IDENTIFIER = hihiandbyebye.EldenChingMobileAppUITests;
				PRODUCT_NAME = "$(TARGET_NAME)";
				SWIFT_EMIT_LOC_STRINGS = NO;
				SWIFT_VERSION = 5.0;
				TARGETED_DEVICE_FAMILY = "1,2";
				TEST_TARGET_NAME = EldenChingMobileApp;
			};
			name = Debug;
		};
		00EE791827EE106E0092A842 /* Release */ = {
			isa = XCBuildConfiguration;
			buildSettings = {
				ALWAYS_EMBED_SWIFT_STANDARD_LIBRARIES = YES;
				CODE_SIGN_STYLE = Automatic;
				CURRENT_PROJECT_VERSION = 1;
				DEVELOPMENT_TEAM = TGBMMRU7P7;
				GENERATE_INFOPLIST_FILE = YES;
				MARKETING_VERSION = 1.0;
				PRODUCT_BUNDLE_IDENTIFIER = hihiandbyebye.EldenChingMobileAppUITests;
				PRODUCT_NAME = "$(TARGET_NAME)";
				SWIFT_EMIT_LOC_STRINGS = NO;
				SWIFT_VERSION = 5.0;
				TARGETED_DEVICE_FAMILY = "1,2";
				TEST_TARGET_NAME = EldenChingMobileApp;
			};
			name = Release;
		};
/* End XCBuildConfiguration section */

/* Begin XCConfigurationList section */
		00EE78E727EE106C0092A842 /* Build configuration list for PBXProject "EldenChingMobileApp" */ = {
			isa = XCConfigurationList;
			buildConfigurations = (
				00EE790E27EE106E0092A842 /* Debug */,
				00EE790F27EE106E0092A842 /* Release */,
			);
			defaultConfigurationIsVisible = 0;
			defaultConfigurationName = Release;
		};
		00EE791027EE106E0092A842 /* Build configuration list for PBXNativeTarget "EldenChingMobileApp" */ = {
			isa = XCConfigurationList;
			buildConfigurations = (
				00EE791127EE106E0092A842 /* Debug */,
				00EE791227EE106E0092A842 /* Release */,
			);
			defaultConfigurationIsVisible = 0;
			defaultConfigurationName = Release;
		};
		00EE791327EE106E0092A842 /* Build configuration list for PBXNativeTarget "EldenChingMobileAppTests" */ = {
			isa = XCConfigurationList;
			buildConfigurations = (
				00EE791427EE106E0092A842 /* Debug */,
				00EE791527EE106E0092A842 /* Release */,
			);
			defaultConfigurationIsVisible = 0;
			defaultConfigurationName = Release;
		};
		00EE791627EE106E0092A842 /* Build configuration list for PBXNativeTarget "EldenChingMobileAppUITests" */ = {
			isa = XCConfigurationList;
			buildConfigurations = (
				00EE791727EE106E0092A842 /* Debug */,
				00EE791827EE106E0092A842 /* Release */,
			);
			defaultConfigurationIsVisible = 0;
			defaultConfigurationName = Release;
		};
/* End XCConfigurationList section */
	};
	rootObject = 00EE78E427EE106C0092A842 /* Project object */;
}
